{
  "pins" : [
    {
      "identity" : "lottie-ios",
      "kind" : "remoteSourceControl",
      "location" : "https://github.com/airbnb/lottie-ios",
      "state" : {
        "revision" : "d6feea26a370019b4d3a85f5984cb95a2734776f",
        "version" : "4.2.0"
      }
    },
    {
      "identity" : "triplea",
      "kind" : "remoteSourceControl",
      "location" : "https://github.com/fsalom/TripleA",
      "state" : {
        "revision" : "b636199d8b286248436eab8cfcc64c8a73e0bbbc",
        "version" : "1.0.11"
      }
    }
  ],
  "version" : 2
}
