// !$*UTF8*$!
{
	archiveVersion = 1;
	classes = {
	};
	objectVersion = 56;
	objects = {

/* Begin PBXBuildFile section */
		C100FEEA2A18D557005E8862 /* ChatMessageCD.swift in Sources */ = {isa = PBXBuildFile; fileRef = C100FEE92A18D557005E8862 /* ChatMessageCD.swift */; };
		C14EFEBC2A179F7D00BA5C82 /* Chat.swift in Sources */ = {isa = PBXBuildFile; fileRef = C14EFEBB2A179F7D00BA5C82 /* Chat.swift */; };
		C14EFEBF2A18388E00BA5C82 /* ChatProtocols.swift in Sources */ = {isa = PBXBuildFile; fileRef = C14EFEBE2A18388E00BA5C82 /* ChatProtocols.swift */; };
		C1542D712A0CED8400E2EFAD /* ChatUseCase.swift in Sources */ = {isa = PBXBuildFile; fileRef = C1542D702A0CED8400E2EFAD /* ChatUseCase.swift */; };
		C1542D732A0CEE3800E2EFAD /* ChatRepository.swift in Sources */ = {isa = PBXBuildFile; fileRef = C1542D722A0CEE3800E2EFAD /* ChatRepository.swift */; };
		C1542D752A0CEEC700E2EFAD /* ChatRemoteDataSource.swift in Sources */ = {isa = PBXBuildFile; fileRef = C1542D742A0CEEC700E2EFAD /* ChatRemoteDataSource.swift */; };
		C1542D772A0CF1B700E2EFAD /* ChatCD.swift in Sources */ = {isa = PBXBuildFile; fileRef = C1542D762A0CF1B700E2EFAD /* ChatCD.swift */; };
		C1542D792A0D223700E2EFAD /* GPTDataSource.swift in Sources */ = {isa = PBXBuildFile; fileRef = C1542D782A0D223700E2EFAD /* GPTDataSource.swift */; };
		C1542D7C2A0D255100E2EFAD /* TripleA in Frameworks */ = {isa = PBXBuildFile; productRef = C1542D7B2A0D255100E2EFAD /* TripleA */; };
		C1542D7F2A0D257A00E2EFAD /* ChatGPTDTO.swift in Sources */ = {isa = PBXBuildFile; fileRef = C1542D7E2A0D257A00E2EFAD /* ChatGPTDTO.swift */; };
		C1542D822A0D259A00E2EFAD /* Configuration.swift in Sources */ = {isa = PBXBuildFile; fileRef = C1542D812A0D259A00E2EFAD /* Configuration.swift */; };
		C1542D882A0D268E00E2EFAD /* ChatMessageView.swift in Sources */ = {isa = PBXBuildFile; fileRef = C1542D872A0D268E00E2EFAD /* ChatMessageView.swift */; };
		C1542D8A2A0D26C400E2EFAD /* Message.swift in Sources */ = {isa = PBXBuildFile; fileRef = C1542D892A0D26C400E2EFAD /* Message.swift */; };
		C1542D8C2A0D271400E2EFAD /* GPTRepository.swift in Sources */ = {isa = PBXBuildFile; fileRef = C1542D8B2A0D271400E2EFAD /* GPTRepository.swift */; };
		C1542D922A0E3EED00E2EFAD /* ChatMessageErrorView.swift in Sources */ = {isa = PBXBuildFile; fileRef = C1542D912A0E3EED00E2EFAD /* ChatMessageErrorView.swift */; };
		C1542D942A0E3F1D00E2EFAD /* ChatMessageLoadingView.swift in Sources */ = {isa = PBXBuildFile; fileRef = C1542D932A0E3F1D00E2EFAD /* ChatMessageLoadingView.swift */; };
		C1542D982A0E405A00E2EFAD /* CornerRadiusModifier.swift in Sources */ = {isa = PBXBuildFile; fileRef = C1542D972A0E405A00E2EFAD /* CornerRadiusModifier.swift */; };
		C1542D9B2A0E41F400E2EFAD /* Lottie in Frameworks */ = {isa = PBXBuildFile; productRef = C1542D9A2A0E41F400E2EFAD /* Lottie */; };
		C1542D9D2A0E421600E2EFAD /* simple-loading.json in Resources */ = {isa = PBXBuildFile; fileRef = C1542D9C2A0E421600E2EFAD /* simple-loading.json */; };
		C1542DA02A0FED7000E2EFAD /* ChatNewView.swift in Sources */ = {isa = PBXBuildFile; fileRef = C1542D9F2A0FED7000E2EFAD /* ChatNewView.swift */; };
		C1542DA22A0FED8000E2EFAD /* ChatNewBuilder.swift in Sources */ = {isa = PBXBuildFile; fileRef = C1542DA12A0FED8000E2EFAD /* ChatNewBuilder.swift */; };
		C1542DA42A0FEDCD00E2EFAD /* ChatNewViewModel.swift in Sources */ = {isa = PBXBuildFile; fileRef = C1542DA32A0FEDCD00E2EFAD /* ChatNewViewModel.swift */; };
		C1542DA62A0FEE0100E2EFAD /* ChatNewProtocols.swift in Sources */ = {isa = PBXBuildFile; fileRef = C1542DA52A0FEE0100E2EFAD /* ChatNewProtocols.swift */; };
		C1542DA82A1007B400E2EFAD /* ChatCoreDataSource.swift in Sources */ = {isa = PBXBuildFile; fileRef = C1542DA72A1007B400E2EFAD /* ChatCoreDataSource.swift */; };
		C1542DE92A12611900E2EFAD /* Image+Data.swift in Sources */ = {isa = PBXBuildFile; fileRef = C1542DE82A12611900E2EFAD /* Image+Data.swift */; };
		C1821AF02A1FE2D900539D30 /* ErrorDTO.swift in Sources */ = {isa = PBXBuildFile; fileRef = C1821AEF2A1FE2D900539D30 /* ErrorDTO.swift */; };
		C1821AF22A20D66B00539D30 /* ChatMessageFileView.swift in Sources */ = {isa = PBXBuildFile; fileRef = C1821AF12A20D66B00539D30 /* ChatMessageFileView.swift */; };
		C1821AF52A23D42200539D30 /* ChatFilePreviewer.swift in Sources */ = {isa = PBXBuildFile; fileRef = C1821AF42A23D42200539D30 /* ChatFilePreviewer.swift */; };
		C18BEE0D2A0587820008A931 /* chatgptApp.swift in Sources */ = {isa = PBXBuildFile; fileRef = C18BEE0C2A0587820008A931 /* chatgptApp.swift */; };
		C18BEE0F2A0587820008A931 /* Persistence.swift in Sources */ = {isa = PBXBuildFile; fileRef = C18BEE0E2A0587820008A931 /* Persistence.swift */; };
		C18BEE122A0587820008A931 /* chatgpt.xcdatamodeld in Sources */ = {isa = PBXBuildFile; fileRef = C18BEE102A0587820008A931 /* chatgpt.xcdatamodeld */; };
		C18BEE142A0587820008A931 /* ContentView.swift in Sources */ = {isa = PBXBuildFile; fileRef = C18BEE132A0587820008A931 /* ContentView.swift */; };
		C18BEE162A0587840008A931 /* Assets.xcassets in Resources */ = {isa = PBXBuildFile; fileRef = C18BEE152A0587840008A931 /* Assets.xcassets */; };
		C18BEE1A2A0587840008A931 /* Preview Assets.xcassets in Resources */ = {isa = PBXBuildFile; fileRef = C18BEE192A0587840008A931 /* Preview Assets.xcassets */; };
		C18BEE242A0587840008A931 /* chatgptTests.swift in Sources */ = {isa = PBXBuildFile; fileRef = C18BEE232A0587840008A931 /* chatgptTests.swift */; };
		C18BEE2E2A0587840008A931 /* chatgptUITests.swift in Sources */ = {isa = PBXBuildFile; fileRef = C18BEE2D2A0587840008A931 /* chatgptUITests.swift */; };
		C18BEE302A0587840008A931 /* chatgptUITestsLaunchTests.swift in Sources */ = {isa = PBXBuildFile; fileRef = C18BEE2F2A0587840008A931 /* chatgptUITestsLaunchTests.swift */; };
		C18BEE452A059E720008A931 /* ChatListView.swift in Sources */ = {isa = PBXBuildFile; fileRef = C18BEE442A059E720008A931 /* ChatListView.swift */; };
		C18BEE482A059F520008A931 /* ChatListViewModel.swift in Sources */ = {isa = PBXBuildFile; fileRef = C18BEE472A059F520008A931 /* ChatListViewModel.swift */; };
		C18BEE4D2A05A0920008A931 /* ChatListProtocols.swift in Sources */ = {isa = PBXBuildFile; fileRef = C18BEE4C2A05A0920008A931 /* ChatListProtocols.swift */; };
		C18BEE4F2A05A0F70008A931 /* ChatListBuilder.swift in Sources */ = {isa = PBXBuildFile; fileRef = C18BEE4E2A05A0F70008A931 /* ChatListBuilder.swift */; };
		C18BEE532A05A2A20008A931 /* ChatListMessageView.swift in Sources */ = {isa = PBXBuildFile; fileRef = C18BEE522A05A2A20008A931 /* ChatListMessageView.swift */; };
		C18BEE562A065FFA0008A931 /* ChatDetailView.swift in Sources */ = {isa = PBXBuildFile; fileRef = C18BEE552A065FFA0008A931 /* ChatDetailView.swift */; };
		C18BEE582A0660650008A931 /* ChatDetailBuilder.swift in Sources */ = {isa = PBXBuildFile; fileRef = C18BEE572A0660650008A931 /* ChatDetailBuilder.swift */; };
		C18BEE5A2A0909260008A931 /* ChatDetailViewModel.swift in Sources */ = {isa = PBXBuildFile; fileRef = C18BEE592A0909260008A931 /* ChatDetailViewModel.swift */; };
		C18BEE5C2A09094D0008A931 /* ChatDetailProtocols.swift in Sources */ = {isa = PBXBuildFile; fileRef = C18BEE5B2A09094D0008A931 /* ChatDetailProtocols.swift */; };
		C192BF0E2A2A5B1E00982F33 /* SplashView.swift in Sources */ = {isa = PBXBuildFile; fileRef = C192BF0D2A2A5B1E00982F33 /* SplashView.swift */; };
/* End PBXBuildFile section */

/* Begin PBXContainerItemProxy section */
		C18BEE202A0587840008A931 /* PBXContainerItemProxy */ = {
			isa = PBXContainerItemProxy;
			containerPortal = C18BEE012A0587820008A931 /* Project object */;
			proxyType = 1;
			remoteGlobalIDString = C18BEE082A0587820008A931;
			remoteInfo = chatgpt;
		};
		C18BEE2A2A0587840008A931 /* PBXContainerItemProxy */ = {
			isa = PBXContainerItemProxy;
			containerPortal = C18BEE012A0587820008A931 /* Project object */;
			proxyType = 1;
			remoteGlobalIDString = C18BEE082A0587820008A931;
			remoteInfo = chatgpt;
		};
/* End PBXContainerItemProxy section */

/* Begin PBXFileReference section */
		C100FEE92A18D557005E8862 /* ChatMessageCD.swift */ = {isa = PBXFileReference; lastKnownFileType = sourcecode.swift; path = ChatMessageCD.swift; sourceTree = "<group>"; };
		C14EFEBB2A179F7D00BA5C82 /* Chat.swift */ = {isa = PBXFileReference; lastKnownFileType = sourcecode.swift; path = Chat.swift; sourceTree = "<group>"; };
		C14EFEBE2A18388E00BA5C82 /* ChatProtocols.swift */ = {isa = PBXFileReference; lastKnownFileType = sourcecode.swift; path = ChatProtocols.swift; sourceTree = "<group>"; };
		C1542D702A0CED8400E2EFAD /* ChatUseCase.swift */ = {isa = PBXFileReference; lastKnownFileType = sourcecode.swift; path = ChatUseCase.swift; sourceTree = "<group>"; };
		C1542D722A0CEE3800E2EFAD /* ChatRepository.swift */ = {isa = PBXFileReference; lastKnownFileType = sourcecode.swift; path = ChatRepository.swift; sourceTree = "<group>"; };
		C1542D742A0CEEC700E2EFAD /* ChatRemoteDataSource.swift */ = {isa = PBXFileReference; lastKnownFileType = sourcecode.swift; path = ChatRemoteDataSource.swift; sourceTree = "<group>"; };
		C1542D762A0CF1B700E2EFAD /* ChatCD.swift */ = {isa = PBXFileReference; lastKnownFileType = sourcecode.swift; path = ChatCD.swift; sourceTree = "<group>"; };
		C1542D782A0D223700E2EFAD /* GPTDataSource.swift */ = {isa = PBXFileReference; lastKnownFileType = sourcecode.swift; path = GPTDataSource.swift; sourceTree = "<group>"; };
		C1542D7E2A0D257A00E2EFAD /* ChatGPTDTO.swift */ = {isa = PBXFileReference; lastKnownFileType = sourcecode.swift; path = ChatGPTDTO.swift; sourceTree = "<group>"; };
		C1542D812A0D259A00E2EFAD /* Configuration.swift */ = {isa = PBXFileReference; lastKnownFileType = sourcecode.swift; path = Configuration.swift; sourceTree = "<group>"; };
		C1542D872A0D268E00E2EFAD /* ChatMessageView.swift */ = {isa = PBXFileReference; fileEncoding = 4; lastKnownFileType = sourcecode.swift; path = ChatMessageView.swift; sourceTree = "<group>"; };
		C1542D892A0D26C400E2EFAD /* Message.swift */ = {isa = PBXFileReference; lastKnownFileType = sourcecode.swift; path = Message.swift; sourceTree = "<group>"; };
		C1542D8B2A0D271400E2EFAD /* GPTRepository.swift */ = {isa = PBXFileReference; lastKnownFileType = sourcecode.swift; path = GPTRepository.swift; sourceTree = "<group>"; };
		C1542D912A0E3EED00E2EFAD /* ChatMessageErrorView.swift */ = {isa = PBXFileReference; lastKnownFileType = sourcecode.swift; path = ChatMessageErrorView.swift; sourceTree = "<group>"; };
		C1542D932A0E3F1D00E2EFAD /* ChatMessageLoadingView.swift */ = {isa = PBXFileReference; lastKnownFileType = sourcecode.swift; path = ChatMessageLoadingView.swift; sourceTree = "<group>"; };
		C1542D972A0E405A00E2EFAD /* CornerRadiusModifier.swift */ = {isa = PBXFileReference; lastKnownFileType = sourcecode.swift; path = CornerRadiusModifier.swift; sourceTree = "<group>"; };
		C1542D9C2A0E421600E2EFAD /* simple-loading.json */ = {isa = PBXFileReference; fileEncoding = 4; lastKnownFileType = text.json; path = "simple-loading.json"; sourceTree = "<group>"; };
		C1542D9F2A0FED7000E2EFAD /* ChatNewView.swift */ = {isa = PBXFileReference; lastKnownFileType = sourcecode.swift; path = ChatNewView.swift; sourceTree = "<group>"; };
		C1542DA12A0FED8000E2EFAD /* ChatNewBuilder.swift */ = {isa = PBXFileReference; lastKnownFileType = sourcecode.swift; path = ChatNewBuilder.swift; sourceTree = "<group>"; };
		C1542DA32A0FEDCD00E2EFAD /* ChatNewViewModel.swift */ = {isa = PBXFileReference; lastKnownFileType = sourcecode.swift; path = ChatNewViewModel.swift; sourceTree = "<group>"; };
		C1542DA52A0FEE0100E2EFAD /* ChatNewProtocols.swift */ = {isa = PBXFileReference; lastKnownFileType = sourcecode.swift; path = ChatNewProtocols.swift; sourceTree = "<group>"; };
		C1542DA72A1007B400E2EFAD /* ChatCoreDataSource.swift */ = {isa = PBXFileReference; lastKnownFileType = sourcecode.swift; path = ChatCoreDataSource.swift; sourceTree = "<group>"; };
		C1542DE82A12611900E2EFAD /* Image+Data.swift */ = {isa = PBXFileReference; lastKnownFileType = sourcecode.swift; path = "Image+Data.swift"; sourceTree = "<group>"; };
		C1821AEF2A1FE2D900539D30 /* ErrorDTO.swift */ = {isa = PBXFileReference; lastKnownFileType = sourcecode.swift; path = ErrorDTO.swift; sourceTree = "<group>"; };
		C1821AF12A20D66B00539D30 /* ChatMessageFileView.swift */ = {isa = PBXFileReference; lastKnownFileType = sourcecode.swift; path = ChatMessageFileView.swift; sourceTree = "<group>"; };
		C1821AF42A23D42200539D30 /* ChatFilePreviewer.swift */ = {isa = PBXFileReference; lastKnownFileType = sourcecode.swift; path = ChatFilePreviewer.swift; sourceTree = "<group>"; };
		C18BEE092A0587820008A931 /* chatgpt.app */ = {isa = PBXFileReference; explicitFileType = wrapper.application; includeInIndex = 0; path = chatgpt.app; sourceTree = BUILT_PRODUCTS_DIR; };
		C18BEE0C2A0587820008A931 /* chatgptApp.swift */ = {isa = PBXFileReference; lastKnownFileType = sourcecode.swift; path = chatgptApp.swift; sourceTree = "<group>"; };
		C18BEE0E2A0587820008A931 /* Persistence.swift */ = {isa = PBXFileReference; lastKnownFileType = sourcecode.swift; path = Persistence.swift; sourceTree = "<group>"; };
		C18BEE112A0587820008A931 /* chatgpt.xcdatamodel */ = {isa = PBXFileReference; lastKnownFileType = wrapper.xcdatamodel; path = chatgpt.xcdatamodel; sourceTree = "<group>"; };
		C18BEE132A0587820008A931 /* ContentView.swift */ = {isa = PBXFileReference; lastKnownFileType = sourcecode.swift; path = ContentView.swift; sourceTree = "<group>"; };
		C18BEE152A0587840008A931 /* Assets.xcassets */ = {isa = PBXFileReference; lastKnownFileType = folder.assetcatalog; path = Assets.xcassets; sourceTree = "<group>"; };
		C18BEE172A0587840008A931 /* chatgpt.entitlements */ = {isa = PBXFileReference; lastKnownFileType = text.plist.entitlements; path = chatgpt.entitlements; sourceTree = "<group>"; };
		C18BEE192A0587840008A931 /* Preview Assets.xcassets */ = {isa = PBXFileReference; lastKnownFileType = folder.assetcatalog; path = "Preview Assets.xcassets"; sourceTree = "<group>"; };
		C18BEE1F2A0587840008A931 /* chatgptTests.xctest */ = {isa = PBXFileReference; explicitFileType = wrapper.cfbundle; includeInIndex = 0; path = chatgptTests.xctest; sourceTree = BUILT_PRODUCTS_DIR; };
		C18BEE232A0587840008A931 /* chatgptTests.swift */ = {isa = PBXFileReference; lastKnownFileType = sourcecode.swift; path = chatgptTests.swift; sourceTree = "<group>"; };
		C18BEE292A0587840008A931 /* chatgptUITests.xctest */ = {isa = PBXFileReference; explicitFileType = wrapper.cfbundle; includeInIndex = 0; path = chatgptUITests.xctest; sourceTree = BUILT_PRODUCTS_DIR; };
		C18BEE2D2A0587840008A931 /* chatgptUITests.swift */ = {isa = PBXFileReference; lastKnownFileType = sourcecode.swift; path = chatgptUITests.swift; sourceTree = "<group>"; };
		C18BEE2F2A0587840008A931 /* chatgptUITestsLaunchTests.swift */ = {isa = PBXFileReference; lastKnownFileType = sourcecode.swift; path = chatgptUITestsLaunchTests.swift; sourceTree = "<group>"; };
		C18BEE442A059E720008A931 /* ChatListView.swift */ = {isa = PBXFileReference; lastKnownFileType = sourcecode.swift; path = ChatListView.swift; sourceTree = "<group>"; };
		C18BEE472A059F520008A931 /* ChatListViewModel.swift */ = {isa = PBXFileReference; lastKnownFileType = sourcecode.swift; path = ChatListViewModel.swift; sourceTree = "<group>"; };
		C18BEE4C2A05A0920008A931 /* ChatListProtocols.swift */ = {isa = PBXFileReference; lastKnownFileType = sourcecode.swift; path = ChatListProtocols.swift; sourceTree = "<group>"; };
		C18BEE4E2A05A0F70008A931 /* ChatListBuilder.swift */ = {isa = PBXFileReference; lastKnownFileType = sourcecode.swift; path = ChatListBuilder.swift; sourceTree = "<group>"; };
		C18BEE522A05A2A20008A931 /* ChatListMessageView.swift */ = {isa = PBXFileReference; lastKnownFileType = sourcecode.swift; path = ChatListMessageView.swift; sourceTree = "<group>"; };
		C18BEE552A065FFA0008A931 /* ChatDetailView.swift */ = {isa = PBXFileReference; lastKnownFileType = sourcecode.swift; path = ChatDetailView.swift; sourceTree = "<group>"; };
		C18BEE572A0660650008A931 /* ChatDetailBuilder.swift */ = {isa = PBXFileReference; lastKnownFileType = sourcecode.swift; path = ChatDetailBuilder.swift; sourceTree = "<group>"; };
		C18BEE592A0909260008A931 /* ChatDetailViewModel.swift */ = {isa = PBXFileReference; lastKnownFileType = sourcecode.swift; path = ChatDetailViewModel.swift; sourceTree = "<group>"; };
		C18BEE5B2A09094D0008A931 /* ChatDetailProtocols.swift */ = {isa = PBXFileReference; lastKnownFileType = sourcecode.swift; path = ChatDetailProtocols.swift; sourceTree = "<group>"; };
		C192BF0D2A2A5B1E00982F33 /* SplashView.swift */ = {isa = PBXFileReference; lastKnownFileType = sourcecode.swift; path = SplashView.swift; sourceTree = "<group>"; };
/* End PBXFileReference section */

/* Begin PBXFrameworksBuildPhase section */
		C18BEE062A0587820008A931 /* Frameworks */ = {
			isa = PBXFrameworksBuildPhase;
			buildActionMask = 2147483647;
			files = (
				C1542D7C2A0D255100E2EFAD /* TripleA in Frameworks */,
				C1542D9B2A0E41F400E2EFAD /* Lottie in Frameworks */,
			);
			runOnlyForDeploymentPostprocessing = 0;
		};
		C18BEE1C2A0587840008A931 /* Frameworks */ = {
			isa = PBXFrameworksBuildPhase;
			buildActionMask = 2147483647;
			files = (
			);
			runOnlyForDeploymentPostprocessing = 0;
		};
		C18BEE262A0587840008A931 /* Frameworks */ = {
			isa = PBXFrameworksBuildPhase;
			buildActionMask = 2147483647;
			files = (
			);
			runOnlyForDeploymentPostprocessing = 0;
		};
/* End PBXFrameworksBuildPhase section */

/* Begin PBXGroup section */
		C14EFEBA2A179F5300BA5C82 /* CD */ = {
			isa = PBXGroup;
			children = (
				C1542D762A0CF1B700E2EFAD /* ChatCD.swift */,
				C100FEE92A18D557005E8862 /* ChatMessageCD.swift */,
			);
			path = CD;
			sourceTree = "<group>";
		};
		C14EFEBD2A18386B00BA5C82 /* Chat */ = {
			isa = PBXGroup;
			children = (
				C14EFEBE2A18388E00BA5C82 /* ChatProtocols.swift */,
				C1542D742A0CEEC700E2EFAD /* ChatRemoteDataSource.swift */,
				C1542DA72A1007B400E2EFAD /* ChatCoreDataSource.swift */,
			);
			path = Chat;
			sourceTree = "<group>";
		};
		C14EFEC02A1838BA00BA5C82 /* GPT */ = {
			isa = PBXGroup;
			children = (
				C1542D782A0D223700E2EFAD /* GPTDataSource.swift */,
			);
			path = GPT;
			sourceTree = "<group>";
		};
		C1542D6D2A0CED5300E2EFAD /* DataSource */ = {
			isa = PBXGroup;
			children = (
				C14EFEC02A1838BA00BA5C82 /* GPT */,
				C14EFEBD2A18386B00BA5C82 /* Chat */,
			);
			path = DataSource;
			sourceTree = "<group>";
		};
		C1542D6E2A0CED6400E2EFAD /* Repositories */ = {
			isa = PBXGroup;
			children = (
				C1542D722A0CEE3800E2EFAD /* ChatRepository.swift */,
				C1542D8B2A0D271400E2EFAD /* GPTRepository.swift */,
			);
			path = Repositories;
			sourceTree = "<group>";
		};
		C1542D6F2A0CED7000E2EFAD /* UseCases */ = {
			isa = PBXGroup;
			children = (
				C1542D702A0CED8400E2EFAD /* ChatUseCase.swift */,
			);
			path = UseCases;
			sourceTree = "<group>";
		};
		C1542D7D2A0D256400E2EFAD /* DTO */ = {
			isa = PBXGroup;
			children = (
				C1542D7E2A0D257A00E2EFAD /* ChatGPTDTO.swift */,
				C1821AEF2A1FE2D900539D30 /* ErrorDTO.swift */,
			);
			path = DTO;
			sourceTree = "<group>";
		};
		C1542D802A0D258900E2EFAD /* Config */ = {
			isa = PBXGroup;
			children = (
				C1542D812A0D259A00E2EFAD /* Configuration.swift */,
			);
			path = Config;
			sourceTree = "<group>";
		};
		C1542D862A0D268E00E2EFAD /* CustomView */ = {
			isa = PBXGroup;
			children = (
				C1542D872A0D268E00E2EFAD /* ChatMessageView.swift */,
				C1542D912A0E3EED00E2EFAD /* ChatMessageErrorView.swift */,
				C1542D932A0E3F1D00E2EFAD /* ChatMessageLoadingView.swift */,
				C1821AF12A20D66B00539D30 /* ChatMessageFileView.swift */,
			);
			path = CustomView;
			sourceTree = "<group>";
		};
		C1542D952A0E403C00E2EFAD /* Modifier */ = {
			isa = PBXGroup;
			children = (
				C1542D962A0E404500E2EFAD /* CornerRadius */,
			);
			path = Modifier;
			sourceTree = "<group>";
		};
		C1542D962A0E404500E2EFAD /* CornerRadius */ = {
			isa = PBXGroup;
			children = (
				C1542D972A0E405A00E2EFAD /* CornerRadiusModifier.swift */,
			);
			path = CornerRadius;
			sourceTree = "<group>";
		};
		C1542D9E2A0FED5900E2EFAD /* ChatNew */ = {
			isa = PBXGroup;
			children = (
				C1542D9F2A0FED7000E2EFAD /* ChatNewView.swift */,
				C1542DA12A0FED8000E2EFAD /* ChatNewBuilder.swift */,
				C1542DA32A0FEDCD00E2EFAD /* ChatNewViewModel.swift */,
				C1542DA52A0FEE0100E2EFAD /* ChatNewProtocols.swift */,
			);
			path = ChatNew;
			sourceTree = "<group>";
		};
		C1542DE72A12610D00E2EFAD /* Helpers */ = {
			isa = PBXGroup;
			children = (
				C1542DE82A12611900E2EFAD /* Image+Data.swift */,
			);
			path = Helpers;
			sourceTree = "<group>";
		};
		C1821AF32A23D1A300539D30 /* ChatFilePreviewer */ = {
			isa = PBXGroup;
			children = (
				C1821AF42A23D42200539D30 /* ChatFilePreviewer.swift */,
			);
			path = ChatFilePreviewer;
			sourceTree = "<group>";
		};
		C18BEE002A0587820008A931 = {
			isa = PBXGroup;
			children = (
				C18BEE0B2A0587820008A931 /* chatgpt */,
				C18BEE222A0587840008A931 /* chatgptTests */,
				C18BEE2C2A0587840008A931 /* chatgptUITests */,
				C18BEE0A2A0587820008A931 /* Products */,
			);
			sourceTree = "<group>";
		};
		C18BEE0A2A0587820008A931 /* Products */ = {
			isa = PBXGroup;
			children = (
				C18BEE092A0587820008A931 /* chatgpt.app */,
				C18BEE1F2A0587840008A931 /* chatgptTests.xctest */,
				C18BEE292A0587840008A931 /* chatgptUITests.xctest */,
			);
			name = Products;
			sourceTree = "<group>";
		};
		C18BEE0B2A0587820008A931 /* chatgpt */ = {
			isa = PBXGroup;
			children = (
				C1542DE72A12610D00E2EFAD /* Helpers */,
				C1542D952A0E403C00E2EFAD /* Modifier */,
				C18BEE172A0587840008A931 /* chatgpt.entitlements */,
				C1542D802A0D258900E2EFAD /* Config */,
				C18BEE3D2A05881B0008A931 /* Data */,
				C18BEE3F2A0588510008A931 /* Domain */,
				C18BEE402A05885B0008A931 /* Presentation */,
				C18BEE3C2A0587EF0008A931 /* Resources */,
				C18BEE182A0587840008A931 /* Preview Content */,
			);
			path = chatgpt;
			sourceTree = "<group>";
		};
		C18BEE182A0587840008A931 /* Preview Content */ = {
			isa = PBXGroup;
			children = (
				C18BEE192A0587840008A931 /* Preview Assets.xcassets */,
			);
			path = "Preview Content";
			sourceTree = "<group>";
		};
		C18BEE222A0587840008A931 /* chatgptTests */ = {
			isa = PBXGroup;
			children = (
				C18BEE232A0587840008A931 /* chatgptTests.swift */,
			);
			path = chatgptTests;
			sourceTree = "<group>";
		};
		C18BEE2C2A0587840008A931 /* chatgptUITests */ = {
			isa = PBXGroup;
			children = (
				C18BEE2D2A0587840008A931 /* chatgptUITests.swift */,
				C18BEE2F2A0587840008A931 /* chatgptUITestsLaunchTests.swift */,
			);
			path = chatgptUITests;
			sourceTree = "<group>";
		};
		C18BEE3C2A0587EF0008A931 /* Resources */ = {
			isa = PBXGroup;
			children = (
				C1542D9C2A0E421600E2EFAD /* simple-loading.json */,
				C18BEE152A0587840008A931 /* Assets.xcassets */,
			);
			path = Resources;
			sourceTree = "<group>";
		};
		C18BEE3D2A05881B0008A931 /* Data */ = {
			isa = PBXGroup;
			children = (
				C14EFEBA2A179F5300BA5C82 /* CD */,
				C1542D7D2A0D256400E2EFAD /* DTO */,
				C1542D6E2A0CED6400E2EFAD /* Repositories */,
				C1542D6D2A0CED5300E2EFAD /* DataSource */,
				C18BEE3E2A0588240008A931 /* Coredata */,
			);
			path = Data;
			sourceTree = "<group>";
		};
		C18BEE3E2A0588240008A931 /* Coredata */ = {
			isa = PBXGroup;
			children = (
				C18BEE102A0587820008A931 /* chatgpt.xcdatamodeld */,
				C18BEE0E2A0587820008A931 /* Persistence.swift */,
			);
			path = Coredata;
			sourceTree = "<group>";
		};
		C18BEE3F2A0588510008A931 /* Domain */ = {
			isa = PBXGroup;
			children = (
				C1542D6F2A0CED7000E2EFAD /* UseCases */,
				C18BEE492A059FC80008A931 /* Entities */,
			);
			path = Domain;
			sourceTree = "<group>";
		};
		C18BEE402A05885B0008A931 /* Presentation */ = {
			isa = PBXGroup;
			children = (
				C18BEE412A0588700008A931 /* App */,
				C18BEE422A0588740008A931 /* Modules */,
			);
			path = Presentation;
			sourceTree = "<group>";
		};
		C18BEE412A0588700008A931 /* App */ = {
			isa = PBXGroup;
			children = (
				C18BEE0C2A0587820008A931 /* chatgptApp.swift */,
			);
			path = App;
			sourceTree = "<group>";
		};
		C18BEE422A0588740008A931 /* Modules */ = {
			isa = PBXGroup;
			children = (
				C192BF0C2A2A5AFD00982F33 /* Splash */,
				C1821AF32A23D1A300539D30 /* ChatFilePreviewer */,
				C1542D9E2A0FED5900E2EFAD /* ChatNew */,
				C18BEE542A065FE80008A931 /* ChatDetail */,
				C18BEE432A0588A70008A931 /* ChatList */,
				C18BEE462A059F3C0008A931 /* Menu */,
			);
			path = Modules;
			sourceTree = "<group>";
		};
		C18BEE432A0588A70008A931 /* ChatList */ = {
			isa = PBXGroup;
			children = (
				C18BEE502A05A27D0008A931 /* CustonView */,
				C18BEE4E2A05A0F70008A931 /* ChatListBuilder.swift */,
				C18BEE4C2A05A0920008A931 /* ChatListProtocols.swift */,
				C18BEE442A059E720008A931 /* ChatListView.swift */,
				C18BEE472A059F520008A931 /* ChatListViewModel.swift */,
			);
			path = ChatList;
			sourceTree = "<group>";
		};
		C18BEE462A059F3C0008A931 /* Menu */ = {
			isa = PBXGroup;
			children = (
				C18BEE132A0587820008A931 /* ContentView.swift */,
			);
			path = Menu;
			sourceTree = "<group>";
		};
		C18BEE492A059FC80008A931 /* Entities */ = {
			isa = PBXGroup;
			children = (
				C14EFEBB2A179F7D00BA5C82 /* Chat.swift */,
				C1542D892A0D26C400E2EFAD /* Message.swift */,
			);
			path = Entities;
			sourceTree = "<group>";
		};
		C18BEE502A05A27D0008A931 /* CustonView */ = {
			isa = PBXGroup;
			children = (
				C18BEE522A05A2A20008A931 /* ChatListMessageView.swift */,
			);
			path = CustonView;
			sourceTree = "<group>";
		};
		C18BEE542A065FE80008A931 /* ChatDetail */ = {
			isa = PBXGroup;
			children = (
				C1542D862A0D268E00E2EFAD /* CustomView */,
				C18BEE572A0660650008A931 /* ChatDetailBuilder.swift */,
				C18BEE5B2A09094D0008A931 /* ChatDetailProtocols.swift */,
				C18BEE552A065FFA0008A931 /* ChatDetailView.swift */,
				C18BEE592A0909260008A931 /* ChatDetailViewModel.swift */,
			);
			path = ChatDetail;
			sourceTree = "<group>";
		};
		C192BF0C2A2A5AFD00982F33 /* Splash */ = {
			isa = PBXGroup;
			children = (
				C192BF0D2A2A5B1E00982F33 /* SplashView.swift */,
			);
			path = Splash;
			sourceTree = "<group>";
		};
/* End PBXGroup section */

/* Begin PBXNativeTarget section */
		C18BEE082A0587820008A931 /* chatgpt */ = {
			isa = PBXNativeTarget;
			buildConfigurationList = C18BEE332A0587840008A931 /* Build configuration list for PBXNativeTarget "chatgpt" */;
			buildPhases = (
				C18BEE052A0587820008A931 /* Sources */,
				C18BEE062A0587820008A931 /* Frameworks */,
				C18BEE072A0587820008A931 /* Resources */,
			);
			buildRules = (
			);
			dependencies = (
			);
			name = chatgpt;
			packageProductDependencies = (
				C1542D7B2A0D255100E2EFAD /* TripleA */,
				C1542D9A2A0E41F400E2EFAD /* Lottie */,
			);
			productName = chatgpt;
			productReference = C18BEE092A0587820008A931 /* chatgpt.app */;
			productType = "com.apple.product-type.application";
		};
		C18BEE1E2A0587840008A931 /* chatgptTests */ = {
			isa = PBXNativeTarget;
			buildConfigurationList = C18BEE362A0587840008A931 /* Build configuration list for PBXNativeTarget "chatgptTests" */;
			buildPhases = (
				C18BEE1B2A0587840008A931 /* Sources */,
				C18BEE1C2A0587840008A931 /* Frameworks */,
				C18BEE1D2A0587840008A931 /* Resources */,
			);
			buildRules = (
			);
			dependencies = (
				C18BEE212A0587840008A931 /* PBXTargetDependency */,
			);
			name = chatgptTests;
			productName = chatgptTests;
			productReference = C18BEE1F2A0587840008A931 /* chatgptTests.xctest */;
			productType = "com.apple.product-type.bundle.unit-test";
		};
		C18BEE282A0587840008A931 /* chatgptUITests */ = {
			isa = PBXNativeTarget;
			buildConfigurationList = C18BEE392A0587840008A931 /* Build configuration list for PBXNativeTarget "chatgptUITests" */;
			buildPhases = (
				C18BEE252A0587840008A931 /* Sources */,
				C18BEE262A0587840008A931 /* Frameworks */,
				C18BEE272A0587840008A931 /* Resources */,
			);
			buildRules = (
			);
			dependencies = (
				C18BEE2B2A0587840008A931 /* PBXTargetDependency */,
			);
			name = chatgptUITests;
			productName = chatgptUITests;
			productReference = C18BEE292A0587840008A931 /* chatgptUITests.xctest */;
			productType = "com.apple.product-type.bundle.ui-testing";
		};
/* End PBXNativeTarget section */

/* Begin PBXProject section */
		C18BEE012A0587820008A931 /* Project object */ = {
			isa = PBXProject;
			attributes = {
				BuildIndependentTargetsInParallel = 1;
				LastSwiftUpdateCheck = 1430;
				LastUpgradeCheck = 1430;
				TargetAttributes = {
					C18BEE082A0587820008A931 = {
						CreatedOnToolsVersion = 14.3;
					};
					C18BEE1E2A0587840008A931 = {
						CreatedOnToolsVersion = 14.3;
						TestTargetID = C18BEE082A0587820008A931;
					};
					C18BEE282A0587840008A931 = {
						CreatedOnToolsVersion = 14.3;
						TestTargetID = C18BEE082A0587820008A931;
					};
				};
			};
			buildConfigurationList = C18BEE042A0587820008A931 /* Build configuration list for PBXProject "chatgpt" */;
			compatibilityVersion = "Xcode 14.0";
			developmentRegion = en;
			hasScannedForEncodings = 0;
			knownRegions = (
				en,
				Base,
			);
			mainGroup = C18BEE002A0587820008A931;
			packageReferences = (
				C1542D7A2A0D255100E2EFAD /* XCRemoteSwiftPackageReference "TripleA" */,
				C1542D992A0E41F400E2EFAD /* XCRemoteSwiftPackageReference "lottie-ios" */,
			);
			productRefGroup = C18BEE0A2A0587820008A931 /* Products */;
			projectDirPath = "";
			projectRoot = "";
			targets = (
				C18BEE082A0587820008A931 /* chatgpt */,
				C18BEE1E2A0587840008A931 /* chatgptTests */,
				C18BEE282A0587840008A931 /* chatgptUITests */,
			);
		};
/* End PBXProject section */

/* Begin PBXResourcesBuildPhase section */
		C18BEE072A0587820008A931 /* Resources */ = {
			isa = PBXResourcesBuildPhase;
			buildActionMask = 2147483647;
			files = (
				C18BEE1A2A0587840008A931 /* Preview Assets.xcassets in Resources */,
				C18BEE162A0587840008A931 /* Assets.xcassets in Resources */,
				C1542D9D2A0E421600E2EFAD /* simple-loading.json in Resources */,
			);
			runOnlyForDeploymentPostprocessing = 0;
		};
		C18BEE1D2A0587840008A931 /* Resources */ = {
			isa = PBXResourcesBuildPhase;
			buildActionMask = 2147483647;
			files = (
			);
			runOnlyForDeploymentPostprocessing = 0;
		};
		C18BEE272A0587840008A931 /* Resources */ = {
			isa = PBXResourcesBuildPhase;
			buildActionMask = 2147483647;
			files = (
			);
			runOnlyForDeploymentPostprocessing = 0;
		};
/* End PBXResourcesBuildPhase section */

/* Begin PBXSourcesBuildPhase section */
		C18BEE052A0587820008A931 /* Sources */ = {
			isa = PBXSourcesBuildPhase;
			buildActionMask = 2147483647;
			files = (
				C1542DA62A0FEE0100E2EFAD /* ChatNewProtocols.swift in Sources */,
				C1542D882A0D268E00E2EFAD /* ChatMessageView.swift in Sources */,
				C18BEE532A05A2A20008A931 /* ChatListMessageView.swift in Sources */,
				C1542D732A0CEE3800E2EFAD /* ChatRepository.swift in Sources */,
				C18BEE5A2A0909260008A931 /* ChatDetailViewModel.swift in Sources */,
				C1542DE92A12611900E2EFAD /* Image+Data.swift in Sources */,
				C18BEE0D2A0587820008A931 /* chatgptApp.swift in Sources */,
				C1542D8C2A0D271400E2EFAD /* GPTRepository.swift in Sources */,
				C192BF0E2A2A5B1E00982F33 /* SplashView.swift in Sources */,
				C1542D752A0CEEC700E2EFAD /* ChatRemoteDataSource.swift in Sources */,
				C1542D792A0D223700E2EFAD /* GPTDataSource.swift in Sources */,
				C1542D942A0E3F1D00E2EFAD /* ChatMessageLoadingView.swift in Sources */,
				C1821AF52A23D42200539D30 /* ChatFilePreviewer.swift in Sources */,
				C18BEE122A0587820008A931 /* chatgpt.xcdatamodeld in Sources */,
				C1542DA02A0FED7000E2EFAD /* ChatNewView.swift in Sources */,
				C18BEE452A059E720008A931 /* ChatListView.swift in Sources */,
				C18BEE4D2A05A0920008A931 /* ChatListProtocols.swift in Sources */,
				C1542D982A0E405A00E2EFAD /* CornerRadiusModifier.swift in Sources */,
				C18BEE142A0587820008A931 /* ContentView.swift in Sources */,
				C18BEE4F2A05A0F70008A931 /* ChatListBuilder.swift in Sources */,
				C18BEE562A065FFA0008A931 /* ChatDetailView.swift in Sources */,
				C18BEE5C2A09094D0008A931 /* ChatDetailProtocols.swift in Sources */,
				C1542DA82A1007B400E2EFAD /* ChatCoreDataSource.swift in Sources */,
				C1542D772A0CF1B700E2EFAD /* ChatCD.swift in Sources */,
				C1821AF02A1FE2D900539D30 /* ErrorDTO.swift in Sources */,
				C14EFEBC2A179F7D00BA5C82 /* Chat.swift in Sources */,
				C1542D7F2A0D257A00E2EFAD /* ChatGPTDTO.swift in Sources */,
				C18BEE582A0660650008A931 /* ChatDetailBuilder.swift in Sources */,
				C1542D922A0E3EED00E2EFAD /* ChatMessageErrorView.swift in Sources */,
				C18BEE482A059F520008A931 /* ChatListViewModel.swift in Sources */,
				C1821AF22A20D66B00539D30 /* ChatMessageFileView.swift in Sources */,
				C1542DA22A0FED8000E2EFAD /* ChatNewBuilder.swift in Sources */,
				C1542D712A0CED8400E2EFAD /* ChatUseCase.swift in Sources */,
				C18BEE0F2A0587820008A931 /* Persistence.swift in Sources */,
				C14EFEBF2A18388E00BA5C82 /* ChatProtocols.swift in Sources */,
				C1542D8A2A0D26C400E2EFAD /* Message.swift in Sources */,
				C1542DA42A0FEDCD00E2EFAD /* ChatNewViewModel.swift in Sources */,
				C100FEEA2A18D557005E8862 /* ChatMessageCD.swift in Sources */,
				C1542D822A0D259A00E2EFAD /* Configuration.swift in Sources */,
			);
			runOnlyForDeploymentPostprocessing = 0;
		};
		C18BEE1B2A0587840008A931 /* Sources */ = {
			isa = PBXSourcesBuildPhase;
			buildActionMask = 2147483647;
			files = (
				C18BEE242A0587840008A931 /* chatgptTests.swift in Sources */,
			);
			runOnlyForDeploymentPostprocessing = 0;
		};
		C18BEE252A0587840008A931 /* Sources */ = {
			isa = PBXSourcesBuildPhase;
			buildActionMask = 2147483647;
			files = (
				C18BEE302A0587840008A931 /* chatgptUITestsLaunchTests.swift in Sources */,
				C18BEE2E2A0587840008A931 /* chatgptUITests.swift in Sources */,
			);
			runOnlyForDeploymentPostprocessing = 0;
		};
/* End PBXSourcesBuildPhase section */

/* Begin PBXTargetDependency section */
		C18BEE212A0587840008A931 /* PBXTargetDependency */ = {
			isa = PBXTargetDependency;
			target = C18BEE082A0587820008A931 /* chatgpt */;
			targetProxy = C18BEE202A0587840008A931 /* PBXContainerItemProxy */;
		};
		C18BEE2B2A0587840008A931 /* PBXTargetDependency */ = {
			isa = PBXTargetDependency;
			target = C18BEE082A0587820008A931 /* chatgpt */;
			targetProxy = C18BEE2A2A0587840008A931 /* PBXContainerItemProxy */;
		};
/* End PBXTargetDependency section */

/* Begin XCBuildConfiguration section */
		C18BEE312A0587840008A931 /* Debug */ = {
			isa = XCBuildConfiguration;
			buildSettings = {
				ALWAYS_SEARCH_USER_PATHS = NO;
				CLANG_ANALYZER_NONNULL = YES;
				CLANG_ANALYZER_NUMBER_OBJECT_CONVERSION = YES_AGGRESSIVE;
				CLANG_CXX_LANGUAGE_STANDARD = "gnu++20";
				CLANG_ENABLE_MODULES = YES;
				CLANG_ENABLE_OBJC_ARC = YES;
				CLANG_ENABLE_OBJC_WEAK = YES;
				CLANG_WARN_BLOCK_CAPTURE_AUTORELEASING = YES;
				CLANG_WARN_BOOL_CONVERSION = YES;
				CLANG_WARN_COMMA = YES;
				CLANG_WARN_CONSTANT_CONVERSION = YES;
				CLANG_WARN_DEPRECATED_OBJC_IMPLEMENTATIONS = YES;
				CLANG_WARN_DIRECT_OBJC_ISA_USAGE = YES_ERROR;
				CLANG_WARN_DOCUMENTATION_COMMENTS = YES;
				CLANG_WARN_EMPTY_BODY = YES;
				CLANG_WARN_ENUM_CONVERSION = YES;
				CLANG_WARN_INFINITE_RECURSION = YES;
				CLANG_WARN_INT_CONVERSION = YES;
				CLANG_WARN_NON_LITERAL_NULL_CONVERSION = YES;
				CLANG_WARN_OBJC_IMPLICIT_RETAIN_SELF = YES;
				CLANG_WARN_OBJC_LITERAL_CONVERSION = YES;
				CLANG_WARN_OBJC_ROOT_CLASS = YES_ERROR;
				CLANG_WARN_QUOTED_INCLUDE_IN_FRAMEWORK_HEADER = YES;
				CLANG_WARN_RANGE_LOOP_ANALYSIS = YES;
				CLANG_WARN_STRICT_PROTOTYPES = YES;
				CLANG_WARN_SUSPICIOUS_MOVE = YES;
				CLANG_WARN_UNGUARDED_AVAILABILITY = YES_AGGRESSIVE;
				CLANG_WARN_UNREACHABLE_CODE = YES;
				CLANG_WARN__DUPLICATE_METHOD_MATCH = YES;
				COPY_PHASE_STRIP = NO;
				DEBUG_INFORMATION_FORMAT = dwarf;
				ENABLE_STRICT_OBJC_MSGSEND = YES;
				ENABLE_TESTABILITY = YES;
				GCC_C_LANGUAGE_STANDARD = gnu11;
				GCC_DYNAMIC_NO_PIC = NO;
				GCC_NO_COMMON_BLOCKS = YES;
				GCC_OPTIMIZATION_LEVEL = 0;
				GCC_PREPROCESSOR_DEFINITIONS = (
					"DEBUG=1",
					"$(inherited)",
				);
				GCC_WARN_64_TO_32_BIT_CONVERSION = YES;
				GCC_WARN_ABOUT_RETURN_TYPE = YES_ERROR;
				GCC_WARN_UNDECLARED_SELECTOR = YES;
				GCC_WARN_UNINITIALIZED_AUTOS = YES_AGGRESSIVE;
				GCC_WARN_UNUSED_FUNCTION = YES;
				GCC_WARN_UNUSED_VARIABLE = YES;
				MTL_ENABLE_DEBUG_INFO = INCLUDE_SOURCE;
				MTL_FAST_MATH = YES;
				ONLY_ACTIVE_ARCH = YES;
				SWIFT_ACTIVE_COMPILATION_CONDITIONS = DEBUG;
				SWIFT_OPTIMIZATION_LEVEL = "-Onone";
			};
			name = Debug;
		};
		C18BEE322A0587840008A931 /* Release */ = {
			isa = XCBuildConfiguration;
			buildSettings = {
				ALWAYS_SEARCH_USER_PATHS = NO;
				CLANG_ANALYZER_NONNULL = YES;
				CLANG_ANALYZER_NUMBER_OBJECT_CONVERSION = YES_AGGRESSIVE;
				CLANG_CXX_LANGUAGE_STANDARD = "gnu++20";
				CLANG_ENABLE_MODULES = YES;
				CLANG_ENABLE_OBJC_ARC = YES;
				CLANG_ENABLE_OBJC_WEAK = YES;
				CLANG_WARN_BLOCK_CAPTURE_AUTORELEASING = YES;
				CLANG_WARN_BOOL_CONVERSION = YES;
				CLANG_WARN_COMMA = YES;
				CLANG_WARN_CONSTANT_CONVERSION = YES;
				CLANG_WARN_DEPRECATED_OBJC_IMPLEMENTATIONS = YES;
				CLANG_WARN_DIRECT_OBJC_ISA_USAGE = YES_ERROR;
				CLANG_WARN_DOCUMENTATION_COMMENTS = YES;
				CLANG_WARN_EMPTY_BODY = YES;
				CLANG_WARN_ENUM_CONVERSION = YES;
				CLANG_WARN_INFINITE_RECURSION = YES;
				CLANG_WARN_INT_CONVERSION = YES;
				CLANG_WARN_NON_LITERAL_NULL_CONVERSION = YES;
				CLANG_WARN_OBJC_IMPLICIT_RETAIN_SELF = YES;
				CLANG_WARN_OBJC_LITERAL_CONVERSION = YES;
				CLANG_WARN_OBJC_ROOT_CLASS = YES_ERROR;
				CLANG_WARN_QUOTED_INCLUDE_IN_FRAMEWORK_HEADER = YES;
				CLANG_WARN_RANGE_LOOP_ANALYSIS = YES;
				CLANG_WARN_STRICT_PROTOTYPES = YES;
				CLANG_WARN_SUSPICIOUS_MOVE = YES;
				CLANG_WARN_UNGUARDED_AVAILABILITY = YES_AGGRESSIVE;
				CLANG_WARN_UNREACHABLE_CODE = YES;
				CLANG_WARN__DUPLICATE_METHOD_MATCH = YES;
				COPY_PHASE_STRIP = NO;
				DEBUG_INFORMATION_FORMAT = "dwarf-with-dsym";
				ENABLE_NS_ASSERTIONS = NO;
				ENABLE_STRICT_OBJC_MSGSEND = YES;
				GCC_C_LANGUAGE_STANDARD = gnu11;
				GCC_NO_COMMON_BLOCKS = YES;
				GCC_WARN_64_TO_32_BIT_CONVERSION = YES;
				GCC_WARN_ABOUT_RETURN_TYPE = YES_ERROR;
				GCC_WARN_UNDECLARED_SELECTOR = YES;
				GCC_WARN_UNINITIALIZED_AUTOS = YES_AGGRESSIVE;
				GCC_WARN_UNUSED_FUNCTION = YES;
				GCC_WARN_UNUSED_VARIABLE = YES;
				MTL_ENABLE_DEBUG_INFO = NO;
				MTL_FAST_MATH = YES;
				SWIFT_COMPILATION_MODE = wholemodule;
				SWIFT_OPTIMIZATION_LEVEL = "-O";
			};
			name = Release;
		};
		C18BEE342A0587840008A931 /* Debug */ = {
			isa = XCBuildConfiguration;
			buildSettings = {
				ASSETCATALOG_COMPILER_APPICON_NAME = AppIcon;
				ASSETCATALOG_COMPILER_GLOBAL_ACCENT_COLOR_NAME = AccentColor;
				ASSETCATALOG_COMPILER_INCLUDE_ALL_APPICON_ASSETS = YES;
				CODE_SIGN_ENTITLEMENTS = chatgpt/chatgpt.entitlements;
				CODE_SIGN_IDENTITY = "Apple Development";
				CODE_SIGN_STYLE = Automatic;
				CURRENT_PROJECT_VERSION = 1;
				DEVELOPMENT_ASSET_PATHS = "\"chatgpt/Preview Content\"";
				DEVELOPMENT_TEAM = X8Z657K235;
				ENABLE_HARDENED_RUNTIME = YES;
				ENABLE_PREVIEWS = YES;
				GENERATE_INFOPLIST_FILE = YES;
				INFOPLIST_KEY_CFBundleDisplayName = "Feed my context";
				INFOPLIST_KEY_LSApplicationCategoryType = "public.app-category.utilities";
				"INFOPLIST_KEY_UIApplicationSceneManifest_Generation[sdk=iphoneos*]" = YES;
				"INFOPLIST_KEY_UIApplicationSceneManifest_Generation[sdk=iphonesimulator*]" = YES;
				"INFOPLIST_KEY_UIApplicationSupportsIndirectInputEvents[sdk=iphoneos*]" = YES;
				"INFOPLIST_KEY_UIApplicationSupportsIndirectInputEvents[sdk=iphonesimulator*]" = YES;
				"INFOPLIST_KEY_UILaunchScreen_Generation[sdk=iphoneos*]" = YES;
				"INFOPLIST_KEY_UILaunchScreen_Generation[sdk=iphonesimulator*]" = YES;
				"INFOPLIST_KEY_UIStatusBarStyle[sdk=iphoneos*]" = UIStatusBarStyleDefault;
				"INFOPLIST_KEY_UIStatusBarStyle[sdk=iphonesimulator*]" = UIStatusBarStyleDefault;
				INFOPLIST_KEY_UISupportedInterfaceOrientations_iPad = "UIInterfaceOrientationPortrait UIInterfaceOrientationPortraitUpsideDown UIInterfaceOrientationLandscapeLeft UIInterfaceOrientationLandscapeRight";
				INFOPLIST_KEY_UISupportedInterfaceOrientations_iPhone = "UIInterfaceOrientationPortrait UIInterfaceOrientationLandscapeLeft UIInterfaceOrientationLandscapeRight";
				IPHONEOS_DEPLOYMENT_TARGET = 16.0;
				LD_RUNPATH_SEARCH_PATHS = "@executable_path/Frameworks";
				"LD_RUNPATH_SEARCH_PATHS[sdk=macosx*]" = "@executable_path/../Frameworks";
				MACOSX_DEPLOYMENT_TARGET = 13.2;
				MARKETING_VERSION = 1.0;
				PRODUCT_BUNDLE_IDENTIFIER = es.fernandosalom.chatgpt;
				PRODUCT_NAME = "$(TARGET_NAME)";
				PROVISIONING_PROFILE_SPECIFIER = "";
				SDKROOT = auto;
				SUPPORTED_PLATFORMS = "iphoneos iphonesimulator macosx";
				SWIFT_EMIT_LOC_STRINGS = YES;
				SWIFT_VERSION = 5.0;
				TARGETED_DEVICE_FAMILY = "1,2";
			};
			name = Debug;
		};
		C18BEE352A0587840008A931 /* Release */ = {
			isa = XCBuildConfiguration;
			buildSettings = {
				ASSETCATALOG_COMPILER_APPICON_NAME = AppIcon;
				ASSETCATALOG_COMPILER_GLOBAL_ACCENT_COLOR_NAME = AccentColor;
				ASSETCATALOG_COMPILER_INCLUDE_ALL_APPICON_ASSETS = YES;
				CODE_SIGN_ENTITLEMENTS = chatgpt/chatgpt.entitlements;
				CODE_SIGN_IDENTITY = "Apple Development";
				CODE_SIGN_STYLE = Automatic;
				CURRENT_PROJECT_VERSION = 1;
				DEVELOPMENT_ASSET_PATHS = "\"chatgpt/Preview Content\"";
				DEVELOPMENT_TEAM = X8Z657K235;
				ENABLE_HARDENED_RUNTIME = YES;
				ENABLE_PREVIEWS = YES;
				GENERATE_INFOPLIST_FILE = YES;
				INFOPLIST_KEY_CFBundleDisplayName = "Feed my context";
				INFOPLIST_KEY_LSApplicationCategoryType = "public.app-category.utilities";
				"INFOPLIST_KEY_UIApplicationSceneManifest_Generation[sdk=iphoneos*]" = YES;
				"INFOPLIST_KEY_UIApplicationSceneManifest_Generation[sdk=iphonesimulator*]" = YES;
				"INFOPLIST_KEY_UIApplicationSupportsIndirectInputEvents[sdk=iphoneos*]" = YES;
				"INFOPLIST_KEY_UIApplicationSupportsIndirectInputEvents[sdk=iphonesimulator*]" = YES;
				"INFOPLIST_KEY_UILaunchScreen_Generation[sdk=iphoneos*]" = YES;
				"INFOPLIST_KEY_UILaunchScreen_Generation[sdk=iphonesimulator*]" = YES;
				"INFOPLIST_KEY_UIStatusBarStyle[sdk=iphoneos*]" = UIStatusBarStyleDefault;
				"INFOPLIST_KEY_UIStatusBarStyle[sdk=iphonesimulator*]" = UIStatusBarStyleDefault;
				INFOPLIST_KEY_UISupportedInterfaceOrientations_iPad = "UIInterfaceOrientationPortrait UIInterfaceOrientationPortraitUpsideDown UIInterfaceOrientationLandscapeLeft UIInterfaceOrientationLandscapeRight";
				INFOPLIST_KEY_UISupportedInterfaceOrientations_iPhone = "UIInterfaceOrientationPortrait UIInterfaceOrientationLandscapeLeft UIInterfaceOrientationLandscapeRight";
				IPHONEOS_DEPLOYMENT_TARGET = 16.0;
				LD_RUNPATH_SEARCH_PATHS = "@executable_path/Frameworks";
				"LD_RUNPATH_SEARCH_PATHS[sdk=macosx*]" = "@executable_path/../Frameworks";
				MACOSX_DEPLOYMENT_TARGET = 13.2;
				MARKETING_VERSION = 1.0;
				PRODUCT_BUNDLE_IDENTIFIER = es.fernandosalom.chatgpt;
				PRODUCT_NAME = "$(TARGET_NAME)";
				PROVISIONING_PROFILE_SPECIFIER = "";
				SDKROOT = auto;
				SUPPORTED_PLATFORMS = "iphoneos iphonesimulator macosx";
				SWIFT_EMIT_LOC_STRINGS = YES;
				SWIFT_VERSION = 5.0;
				TARGETED_DEVICE_FAMILY = "1,2";
			};
			name = Release;
		};
		C18BEE372A0587840008A931 /* Debug */ = {
			isa = XCBuildConfiguration;
			buildSettings = {
				ALWAYS_EMBED_SWIFT_STANDARD_LIBRARIES = YES;
				BUNDLE_LOADER = "$(TEST_HOST)";
				CODE_SIGN_STYLE = Automatic;
				CURRENT_PROJECT_VERSION = 1;
				DEVELOPMENT_TEAM = R88CDNMKLQ;
				GENERATE_INFOPLIST_FILE = YES;
				IPHONEOS_DEPLOYMENT_TARGET = 16.4;
				MACOSX_DEPLOYMENT_TARGET = 13.2;
				MARKETING_VERSION = 1.0;
				PRODUCT_BUNDLE_IDENTIFIER = es.fernandosalom.chatgptTests;
				PRODUCT_NAME = "$(TARGET_NAME)";
				SDKROOT = auto;
				SUPPORTED_PLATFORMS = "iphoneos iphonesimulator macosx";
				SWIFT_EMIT_LOC_STRINGS = NO;
				SWIFT_VERSION = 5.0;
				TARGETED_DEVICE_FAMILY = "1,2";
				TEST_HOST = "$(BUILT_PRODUCTS_DIR)/chatgpt.app/$(BUNDLE_EXECUTABLE_FOLDER_PATH)/chatgpt";
			};
			name = Debug;
		};
		C18BEE382A0587840008A931 /* Release */ = {
			isa = XCBuildConfiguration;
			buildSettings = {
				ALWAYS_EMBED_SWIFT_STANDARD_LIBRARIES = YES;
				BUNDLE_LOADER = "$(TEST_HOST)";
				CODE_SIGN_STYLE = Automatic;
				CURRENT_PROJECT_VERSION = 1;
				DEVELOPMENT_TEAM = R88CDNMKLQ;
				GENERATE_INFOPLIST_FILE = YES;
				IPHONEOS_DEPLOYMENT_TARGET = 16.4;
				MACOSX_DEPLOYMENT_TARGET = 13.2;
				MARKETING_VERSION = 1.0;
				PRODUCT_BUNDLE_IDENTIFIER = es.fernandosalom.chatgptTests;
				PRODUCT_NAME = "$(TARGET_NAME)";
				SDKROOT = auto;
				SUPPORTED_PLATFORMS = "iphoneos iphonesimulator macosx";
				SWIFT_EMIT_LOC_STRINGS = NO;
				SWIFT_VERSION = 5.0;
				TARGETED_DEVICE_FAMILY = "1,2";
				TEST_HOST = "$(BUILT_PRODUCTS_DIR)/chatgpt.app/$(BUNDLE_EXECUTABLE_FOLDER_PATH)/chatgpt";
			};
			name = Release;
		};
		C18BEE3A2A0587840008A931 /* Debug */ = {
			isa = XCBuildConfiguration;
			buildSettings = {
				ALWAYS_EMBED_SWIFT_STANDARD_LIBRARIES = YES;
				CODE_SIGN_STYLE = Automatic;
				CURRENT_PROJECT_VERSION = 1;
				DEVELOPMENT_TEAM = R88CDNMKLQ;
				GENERATE_INFOPLIST_FILE = YES;
				IPHONEOS_DEPLOYMENT_TARGET = 16.4;
				MACOSX_DEPLOYMENT_TARGET = 13.2;
				MARKETING_VERSION = 1.0;
				PRODUCT_BUNDLE_IDENTIFIER = es.fernandosalom.chatgptUITests;
				PRODUCT_NAME = "$(TARGET_NAME)";
				SDKROOT = auto;
				SUPPORTED_PLATFORMS = "iphoneos iphonesimulator macosx";
				SWIFT_EMIT_LOC_STRINGS = NO;
				SWIFT_VERSION = 5.0;
				TARGETED_DEVICE_FAMILY = "1,2";
				TEST_TARGET_NAME = chatgpt;
			};
			name = Debug;
		};
		C18BEE3B2A0587840008A931 /* Release */ = {
			isa = XCBuildConfiguration;
			buildSettings = {
				ALWAYS_EMBED_SWIFT_STANDARD_LIBRARIES = YES;
				CODE_SIGN_STYLE = Automatic;
				CURRENT_PROJECT_VERSION = 1;
				DEVELOPMENT_TEAM = R88CDNMKLQ;
				GENERATE_INFOPLIST_FILE = YES;
				IPHONEOS_DEPLOYMENT_TARGET = 16.4;
				MACOSX_DEPLOYMENT_TARGET = 13.2;
				MARKETING_VERSION = 1.0;
				PRODUCT_BUNDLE_IDENTIFIER = es.fernandosalom.chatgptUITests;
				PRODUCT_NAME = "$(TARGET_NAME)";
				SDKROOT = auto;
				SUPPORTED_PLATFORMS = "iphoneos iphonesimulator macosx";
				SWIFT_EMIT_LOC_STRINGS = NO;
				SWIFT_VERSION = 5.0;
				TARGETED_DEVICE_FAMILY = "1,2";
				TEST_TARGET_NAME = chatgpt;
			};
			name = Release;
		};
/* End XCBuildConfiguration section */

/* Begin XCConfigurationList section */
		C18BEE042A0587820008A931 /* Build configuration list for PBXProject "chatgpt" */ = {
			isa = XCConfigurationList;
			buildConfigurations = (
				C18BEE312A0587840008A931 /* Debug */,
				C18BEE322A0587840008A931 /* Release */,
			);
			defaultConfigurationIsVisible = 0;
			defaultConfigurationName = Release;
		};
		C18BEE332A0587840008A931 /* Build configuration list for PBXNativeTarget "chatgpt" */ = {
			isa = XCConfigurationList;
			buildConfigurations = (
				C18BEE342A0587840008A931 /* Debug */,
				C18BEE352A0587840008A931 /* Release */,
			);
			defaultConfigurationIsVisible = 0;
			defaultConfigurationName = Release;
		};
		C18BEE362A0587840008A931 /* Build configuration list for PBXNativeTarget "chatgptTests" */ = {
			isa = XCConfigurationList;
			buildConfigurations = (
				C18BEE372A0587840008A931 /* Debug */,
				C18BEE382A0587840008A931 /* Release */,
			);
			defaultConfigurationIsVisible = 0;
			defaultConfigurationName = Release;
		};
		C18BEE392A0587840008A931 /* Build configuration list for PBXNativeTarget "chatgptUITests" */ = {
			isa = XCConfigurationList;
			buildConfigurations = (
				C18BEE3A2A0587840008A931 /* Debug */,
				C18BEE3B2A0587840008A931 /* Release */,
			);
			defaultConfigurationIsVisible = 0;
			defaultConfigurationName = Release;
		};
/* End XCConfigurationList section */

/* Begin XCRemoteSwiftPackageReference section */
		C1542D7A2A0D255100E2EFAD /* XCRemoteSwiftPackageReference "TripleA" */ = {
			isa = XCRemoteSwiftPackageReference;
			repositoryURL = "https://github.com/fsalom/TripleA";
			requirement = {
				kind = upToNextMajorVersion;
				minimumVersion = 1.0.0;
			};
		};
		C1542D992A0E41F400E2EFAD /* XCRemoteSwiftPackageReference "lottie-ios" */ = {
			isa = XCRemoteSwiftPackageReference;
			repositoryURL = "https://github.com/airbnb/lottie-ios";
			requirement = {
				kind = upToNextMajorVersion;
				minimumVersion = 4.0.0;
			};
		};
/* End XCRemoteSwiftPackageReference section */

/* Begin XCSwiftPackageProductDependency section */
		C1542D7B2A0D255100E2EFAD /* TripleA */ = {
			isa = XCSwiftPackageProductDependency;
			package = C1542D7A2A0D255100E2EFAD /* XCRemoteSwiftPackageReference "TripleA" */;
			productName = TripleA;
		};
		C1542D9A2A0E41F400E2EFAD /* Lottie */ = {
			isa = XCSwiftPackageProductDependency;
			package = C1542D992A0E41F400E2EFAD /* XCRemoteSwiftPackageReference "lottie-ios" */;
			productName = Lottie;
		};
/* End XCSwiftPackageProductDependency section */

/* Begin XCVersionGroup section */
		C18BEE102A0587820008A931 /* chatgpt.xcdatamodeld */ = {
			isa = XCVersionGroup;
			children = (
				C18BEE112A0587820008A931 /* chatgpt.xcdatamodel */,
			);
			currentVersion = C18BEE112A0587820008A931 /* chatgpt.xcdatamodel */;
			path = chatgpt.xcdatamodeld;
			sourceTree = "<group>";
			versionGroupType = wrapper.xcdatamodel;
		};
/* End XCVersionGroup section */
	};
	rootObject = C18BEE012A0587820008A931 /* Project object */;
}
